# THIS IS AN AUTOGENERATED FILE. DO NOT EDIT THIS FILE DIRECTLY.
# yarn lockfile v1


"@lifaon/rx-dom@2.1.0":
  version "2.0.0"
  resolved "https://registry.yarnpkg.com/@lifaon/rx-dom/-/rx-dom-2.0.0.tgz#742b193f7f551ee060b4454fe446df7127bad3a8"
  integrity sha512-3gu9bt8QNqa/nXwOP4coMupe07GDlW28OUVZpSEx8kVz//9myBcdyrXgDkSXJoRt+Rh80/H6HhicjRe1eWPrXg==
  dependencies:
    "@lifaon/rx-js-light" "2.0.0"

"@lifaon/rx-js-light@2.0.0":
  version "2.0.0"
  resolved "https://registry.yarnpkg.com/@lifaon/rx-js-light/-/rx-js-light-2.0.0.tgz#5611fa4193f22399a5c8175fed9f4bff3e338da1"
  integrity sha512-LL7+BHNLPDx6n4SceDEdWkcZ7JMqcdrNqMYEWVqkmKtMotmzunN7B7IDHTXlsWcK0w66z7ZzCT8ESMlzq3a0pA==

"@lifaon/rx-js-light@2.3.0":
  version "2.2.0"
  resolved "https://registry.yarnpkg.com/@lifaon/rx-js-light/-/rx-js-light-2.2.0.tgz#728185755fdfe258325edb6a9da2f99fda2469ba"
  integrity sha512-x/Umf4Ex7eUi9WqZGWQi80yZLNlhxE0fC2icDZavOHoMzjg8P7HP27c/NS9l8b8if8TjIeRP5zE8JCagsw74Sw==
